{
  "requires": true,
  "lockfileVersion": 1,
  "dependencies": {
    "vuetify": {
      "version": "2.2.20",
      "resolved": "https://registry.npmjs.org/vuetify/-/vuetify-2.2.20.tgz",
      "integrity": "sha512-tiij3ammBiG7QrdwRBJxW917AyDLcMekRtLosdyVshDKHA5CpKrru8Ljn1gAmeUyhYZyUw4gz3XbrrIJ++TP7w=="
    }
  }
}
